
Microsoft Visual Studio Solution File, Format Version 12.00
# Visual Studio Version 16
VisualStudioVersion = 16.0.31205.134
MinimumVisualStudioVersion = 10.0.40219.1
Project("{FAE04EC0-301F-11D3-BF4B-00C04F79EFBC}") = "PlexRenamer", "PlexRenamer\PlexRenamer.csproj", "{06BF7978-0FE4-467D-9B37-272F2D903BB5}"
EndProject
Global
	GlobalSection(SolutionConfigurationPlatforms) = preSolution
		Debug|Any CPU = Debug|Any CPU
		Release|Any CPU = Release|Any CPU
	EndGlobalSection
	GlobalSection(ProjectConfigurationPlatforms) = postSolution
		{06BF7978-0FE4-467D-9B37-272F2D903BB5}.Debug|Any CPU.ActiveCfg = Debug|Any CPU
		{06BF7978-0FE4-467D-9B37-272F2D903BB5}.Debug|Any CPU.Build.0 = Debug|Any CPU
		{06BF7978-0FE4-467D-9B37-272F2D903BB5}.Release|Any CPU.ActiveCfg = Release|Any CPU
		{06BF7978-0FE4-467D-9B37-272F2D903BB5}.Release|Any CPU.Build.0 = Release|Any CPU
	EndGlobalSection
	GlobalSection(SolutionProperties) = preSolution
		HideSolutionNode = FALSE
	EndGlobalSection
	GlobalSection(ExtensibilityGlobals) = postSolution
		SolutionGuid = {5DA509EC-A4ED-4F28-BFA7-32B33C0090C8}
	EndGlobalSection
EndGlobal
